
Microsoft Visual Studio Solution File, Format Version 12.00
# Visual Studio Version 17
VisualStudioVersion = 17.10.34928.147
MinimumVisualStudioVersion = 10.0.40219.1
Project("{2150E333-8FDC-42A3-9474-1A3956D46DE8}") = "Services", "Services", "{C31D6025-8D40-480B-9F7B-D897280578EB}"
EndProject
Project("{2150E333-8FDC-42A3-9474-1A3956D46DE8}") = "Catalog", "Catalog", "{37B5AEE1-6C1E-4B66-A90F-FFE7E2D196B7}"
EndProject
Project("{9A19103F-16F7-4668-BE54-9A1E7A4F7556}") = "MultiShop.Catalog", "Services\Catalog\MultiShop.Catalog\MultiShop.Catalog.csproj", "{D22485D0-FF20-42A0-A96B-D4FFAC5001BE}"
EndProject
Project("{2150E333-8FDC-42A3-9474-1A3956D46DE8}") = "Discount", "Discount", "{4D83CF86-4761-44E1-B6C6-0AD87A16657A}"
EndProject
Project("{9A19103F-16F7-4668-BE54-9A1E7A4F7556}") = "MultiShop.Discount", "Services\Discount\MultiShop.Discount\MultiShop.Discount.csproj", "{ADD67491-DB69-4B3E-9B51-88F528CE0C8F}"
EndProject
Project("{2150E333-8FDC-42A3-9474-1A3956D46DE8}") = "Order", "Order", "{BB5B054B-0B93-4A03-AD3E-CC9425A8821D}"
EndProject
Project("{2150E333-8FDC-42A3-9474-1A3956D46DE8}") = "Core", "Core", "{F0C2298E-EA50-4D55-A957-32465E78A457}"
EndProject
Project("{2150E333-8FDC-42A3-9474-1A3956D46DE8}") = "Infrastructure", "Infrastructure", "{4595341E-0699-4D79-B3F8-226DE02308EB}"
EndProject
Project("{2150E333-8FDC-42A3-9474-1A3956D46DE8}") = "Presentation", "Presentation", "{FA693EDD-28E6-46C2-80CC-AC3138DA4293}"
EndProject
Project("{9A19103F-16F7-4668-BE54-9A1E7A4F7556}") = "MultiShop.Order.Domain", "Services\Order\Core\MultiShop.Order.Domain\MultiShop.Order.Domain.csproj", "{0BB0B2E4-8466-4109-BD9C-D18C3F133296}"
EndProject
Project("{9A19103F-16F7-4668-BE54-9A1E7A4F7556}") = "MultiShop.Order.Application", "Services\Order\Core\MultiShop.Order.Application\MultiShop.Order.Application.csproj", "{227859E6-24A2-48C7-82AA-843E733E9AFA}"
EndProject
Project("{9A19103F-16F7-4668-BE54-9A1E7A4F7556}") = "MultiShop.Order.Persistence", "Services\Order\Infrastructure\MultiShop.Order.Persistence\MultiShop.Order.Persistence.csproj", "{0C652A8B-D946-4596-AC99-674CDE7542EC}"
EndProject
Project("{9A19103F-16F7-4668-BE54-9A1E7A4F7556}") = "MultiShop.Order.WebApi", "Services\Order\Presentation\MultiShop.Order.WebApi\MultiShop.Order.WebApi.csproj", "{48C71117-DB49-4654-986A-1A12E7B5834F}"
EndProject
Project("{2150E333-8FDC-42A3-9474-1A3956D46DE8}") = "IdentityServer", "IdentityServer", "{F1BFC0A6-CBE7-4DC7-A3BD-F8FC03F4009F}"
EndProject
Project("{9A19103F-16F7-4668-BE54-9A1E7A4F7556}") = "MultiShop.IdentityServer", "IdentityServer\MultiShop.IdentityServer\MultiShop.IdentityServer.csproj", "{6A98EED9-3A5B-469A-8AA2-BF2E2F11AC2E}"
EndProject
Project("{2150E333-8FDC-42A3-9474-1A3956D46DE8}") = "Notes", "Notes", "{2D413ACB-24E7-4C69-9073-C9BC54E813DA}"
	ProjectSection(SolutionItems) = preProject
		OcelotCode.txt = OcelotCode.txt
		PortNumber.txt = PortNumber.txt
	EndProjectSection
EndProject
Project("{2150E333-8FDC-42A3-9474-1A3956D46DE8}") = "Cargo", "Cargo", "{01579EEC-7E15-4750-BCF4-652442D84815}"
EndProject
Project("{9A19103F-16F7-4668-BE54-9A1E7A4F7556}") = "MultiShop.Cargo.BusinessLayer", "Services\Cargo\MultiShop.Cargo.BusinessLayer\MultiShop.Cargo.BusinessLayer.csproj", "{231F2740-7E5C-4414-A62C-4CC3CF2EA6A4}"
EndProject
Project("{9A19103F-16F7-4668-BE54-9A1E7A4F7556}") = "MultiShop.Cargo.EntityLayer", "Services\Cargo\MultiShop.Cargo.EntityLayer\MultiShop.Cargo.EntityLayer.csproj", "{806F75FE-241B-4DB5-A5D0-769F62ED2D55}"
EndProject
Project("{9A19103F-16F7-4668-BE54-9A1E7A4F7556}") = "MultiShop.Cargo.DataAccessLayer", "Services\Cargo\MultiShop.Cargo.DataAccessLayer\MultiShop.Cargo.DataAccessLayer.csproj", "{E4078744-AB68-48A9-B610-C577F315C05C}"
EndProject
Project("{9A19103F-16F7-4668-BE54-9A1E7A4F7556}") = "MultiShop.Cargo.DtoLayer", "Services\Cargo\MultiShop.Cargo.DtoLayer\MultiShop.Cargo.DtoLayer.csproj", "{1DFD632D-90C1-4DAC-8AF9-5AB53DB34A8A}"
EndProject
Project("{9A19103F-16F7-4668-BE54-9A1E7A4F7556}") = "MultiShop.Cargo.WebApi", "Services\Cargo\MultiShop.Cargo.WebApi\MultiShop.Cargo.WebApi.csproj", "{3C9F61A0-E2B0-4A9D-902F-8C665765DF01}"
EndProject
Project("{2150E333-8FDC-42A3-9474-1A3956D46DE8}") = "Basket", "Basket", "{7B6051C4-8752-4300-ADF8-50C9E1762009}"
EndProject
Project("{9A19103F-16F7-4668-BE54-9A1E7A4F7556}") = "MultiShop.Basket", "Services\Basket\MultiShop.Basket\MultiShop.Basket.csproj", "{C57F28DC-76A4-402E-A55D-DC7BAC2EFB1D}"
EndProject
Project("{2150E333-8FDC-42A3-9474-1A3956D46DE8}") = "Frontends", "Frontends", "{82276F7D-C05D-4695-8F8C-DA80C59069FE}"
EndProject
Project("{9A19103F-16F7-4668-BE54-9A1E7A4F7556}") = "MultiShop.WebUI", "Frontends\MultiShop.WebUI\MultiShop.WebUI.csproj", "{09C07761-A38B-4AC2-BAB2-467C9FBB7702}"
EndProject
Project("{9A19103F-16F7-4668-BE54-9A1E7A4F7556}") = "MultiShop.DtoLayer", "Frontends\MultiShop.DtoLayer\MultiShop.DtoLayer.csproj", "{1FAB28B1-BDA2-4BA0-8CB4-C28D845449F7}"
EndProject
Project("{2150E333-8FDC-42A3-9474-1A3956D46DE8}") = "Comment", "Comment", "{DC0944CD-6DA1-4DEE-A346-538C8148E634}"
EndProject
Project("{9A19103F-16F7-4668-BE54-9A1E7A4F7556}") = "MultiShop.Comment", "Services\Comment\MultiShop.Comment\MultiShop.Comment.csproj", "{AE4E91EC-1406-408C-B579-53FA8DC0AA52}"
EndProject
Project("{2150E333-8FDC-42A3-9474-1A3956D46DE8}") = "ApiGateway", "ApiGateway", "{4A548A31-B3F7-4E1D-9ED8-B2D81A85AF52}"
EndProject
Project("{2150E333-8FDC-42A3-9474-1A3956D46DE8}") = "RapidApi", "RapidApi", "{102E79E6-82D9-48E6-8EE4-8ACE9C7B1F40}"
EndProject
Project("{9A19103F-16F7-4668-BE54-9A1E7A4F7556}") = "MultiShop.OcelotGateway", "ApiGateway\MultiShop.OcelotGateway\MultiShop.OcelotGateway.csproj", "{421BD4CA-8E04-4FA5-92BF-FAC85363AB96}"
EndProject
Project("{2150E333-8FDC-42A3-9474-1A3956D46DE8}") = "Payment", "Payment", "{4BA397A4-8C7F-4A24-AE41-27D70BC5B55C}"
EndProject
Project("{9A19103F-16F7-4668-BE54-9A1E7A4F7556}") = "MultiShop.Payment", "Services\Payment\MultiShop.Payment\MultiShop.Payment.csproj", "{7913CF80-46CD-4934-9406-A4F6E5C91148}"
EndProject
Project("{2150E333-8FDC-42A3-9474-1A3956D46DE8}") = "Images", "Images", "{04EB8DA6-D83D-43AC-8A6D-81035C4770DF}"
EndProject
Project("{9A19103F-16F7-4668-BE54-9A1E7A4F7556}") = "MultiShop.Images", "Services\Images\MultiShop.Images\MultiShop.Images.csproj", "{CBBAA3DE-66F6-4624-8839-E18B0E5A335D}"
EndProject
Project("{2150E333-8FDC-42A3-9474-1A3956D46DE8}") = "Message", "Message", "{0B80F911-2008-4C46-A144-12C13FEDD819}"
EndProject
Project("{9A19103F-16F7-4668-BE54-9A1E7A4F7556}") = "MultiShop.Message", "Services\Message\MultiShop.Message\MultiShop.Message.csproj", "{76E9D60C-85BC-4E1C-A394-8F33F83D7456}"
EndProject
Project("{2150E333-8FDC-42A3-9474-1A3956D46DE8}") = "SignalR", "SignalR", "{2B774918-54D3-4E2F-8EA9-BB2DEE9CEBDE}"
EndProject
Project("{9A19103F-16F7-4668-BE54-9A1E7A4F7556}") = "MultiShop.SignalRApi", "Services\SignalR\MultiShop.SignalRApi\MultiShop.SignalRApi.csproj", "{779B8BC0-7420-4C27-AF58-28305A2FF61B}"
EndProject
Project("{2150E333-8FDC-42A3-9474-1A3956D46DE8}") = "RabbitMQMessage", "RabbitMQMessage", "{6353F912-2933-4004-87B6-D85BF696587F}"
EndProject
Project("{FAE04EC0-301F-11D3-BF4B-00C04F79EFBC}") = "MultiShop.RabbitMQMessageApi", "Services\RabbitMQMessage\MultiShop.RabbitMQMessageApi\MultiShop.RabbitMQMessageApi.csproj", "{89ABE114-D953-4C64-9EC8-B107BDBA1018}"
EndProject
Project("{FAE04EC0-301F-11D3-BF4B-00C04F79EFBC}") = "MultiShop.RapidApiWebUI", "RapidApi\MultiShop.RapidApiWebUI\MultiShop.RapidApiWebUI.csproj", "{7668D30D-AC8E-4561-B2E7-A440FC86F844}"
EndProject
Global
	GlobalSection(SolutionConfigurationPlatforms) = preSolution
		Debug|Any CPU = Debug|Any CPU
		Release|Any CPU = Release|Any CPU
	EndGlobalSection
	GlobalSection(ProjectConfigurationPlatforms) = postSolution
		{D22485D0-FF20-42A0-A96B-D4FFAC5001BE}.Debug|Any CPU.ActiveCfg = Debug|Any CPU
		{D22485D0-FF20-42A0-A96B-D4FFAC5001BE}.Debug|Any CPU.Build.0 = Debug|Any CPU
		{D22485D0-FF20-42A0-A96B-D4FFAC5001BE}.Release|Any CPU.ActiveCfg = Release|Any CPU
		{D22485D0-FF20-42A0-A96B-D4FFAC5001BE}.Release|Any CPU.Build.0 = Release|Any CPU
		{ADD67491-DB69-4B3E-9B51-88F528CE0C8F}.Debug|Any CPU.ActiveCfg = Debug|Any CPU
		{ADD67491-DB69-4B3E-9B51-88F528CE0C8F}.Debug|Any CPU.Build.0 = Debug|Any CPU
		{ADD67491-DB69-4B3E-9B51-88F528CE0C8F}.Release|Any CPU.ActiveCfg = Release|Any CPU
		{ADD67491-DB69-4B3E-9B51-88F528CE0C8F}.Release|Any CPU.Build.0 = Release|Any CPU
		{0BB0B2E4-8466-4109-BD9C-D18C3F133296}.Debug|Any CPU.ActiveCfg = Debug|Any CPU
		{0BB0B2E4-8466-4109-BD9C-D18C3F133296}.Debug|Any CPU.Build.0 = Debug|Any CPU
		{0BB0B2E4-8466-4109-BD9C-D18C3F133296}.Release|Any CPU.ActiveCfg = Release|Any CPU
		{0BB0B2E4-8466-4109-BD9C-D18C3F133296}.Release|Any CPU.Build.0 = Release|Any CPU
		{227859E6-24A2-48C7-82AA-843E733E9AFA}.Debug|Any CPU.ActiveCfg = Debug|Any CPU
		{227859E6-24A2-48C7-82AA-843E733E9AFA}.Debug|Any CPU.Build.0 = Debug|Any CPU
		{227859E6-24A2-48C7-82AA-843E733E9AFA}.Release|Any CPU.ActiveCfg = Release|Any CPU
		{227859E6-24A2-48C7-82AA-843E733E9AFA}.Release|Any CPU.Build.0 = Release|Any CPU
		{0C652A8B-D946-4596-AC99-674CDE7542EC}.Debug|Any CPU.ActiveCfg = Debug|Any CPU
		{0C652A8B-D946-4596-AC99-674CDE7542EC}.Debug|Any CPU.Build.0 = Debug|Any CPU
		{0C652A8B-D946-4596-AC99-674CDE7542EC}.Release|Any CPU.ActiveCfg = Release|Any CPU
		{0C652A8B-D946-4596-AC99-674CDE7542EC}.Release|Any CPU.Build.0 = Release|Any CPU
		{48C71117-DB49-4654-986A-1A12E7B5834F}.Debug|Any CPU.ActiveCfg = Debug|Any CPU
		{48C71117-DB49-4654-986A-1A12E7B5834F}.Debug|Any CPU.Build.0 = Debug|Any CPU
		{48C71117-DB49-4654-986A-1A12E7B5834F}.Release|Any CPU.ActiveCfg = Release|Any CPU
		{48C71117-DB49-4654-986A-1A12E7B5834F}.Release|Any CPU.Build.0 = Release|Any CPU
		{6A98EED9-3A5B-469A-8AA2-BF2E2F11AC2E}.Debug|Any CPU.ActiveCfg = Debug|Any CPU
		{6A98EED9-3A5B-469A-8AA2-BF2E2F11AC2E}.Debug|Any CPU.Build.0 = Debug|Any CPU
		{6A98EED9-3A5B-469A-8AA2-BF2E2F11AC2E}.Release|Any CPU.ActiveCfg = Release|Any CPU
		{6A98EED9-3A5B-469A-8AA2-BF2E2F11AC2E}.Release|Any CPU.Build.0 = Release|Any CPU
		{231F2740-7E5C-4414-A62C-4CC3CF2EA6A4}.Debug|Any CPU.ActiveCfg = Debug|Any CPU
		{231F2740-7E5C-4414-A62C-4CC3CF2EA6A4}.Debug|Any CPU.Build.0 = Debug|Any CPU
		{231F2740-7E5C-4414-A62C-4CC3CF2EA6A4}.Release|Any CPU.ActiveCfg = Release|Any CPU
		{231F2740-7E5C-4414-A62C-4CC3CF2EA6A4}.Release|Any CPU.Build.0 = Release|Any CPU
		{806F75FE-241B-4DB5-A5D0-769F62ED2D55}.Debug|Any CPU.ActiveCfg = Debug|Any CPU
		{806F75FE-241B-4DB5-A5D0-769F62ED2D55}.Debug|Any CPU.Build.0 = Debug|Any CPU
		{806F75FE-241B-4DB5-A5D0-769F62ED2D55}.Release|Any CPU.ActiveCfg = Release|Any CPU
		{806F75FE-241B-4DB5-A5D0-769F62ED2D55}.Release|Any CPU.Build.0 = Release|Any CPU
		{E4078744-AB68-48A9-B610-C577F315C05C}.Debug|Any CPU.ActiveCfg = Debug|Any CPU
		{E4078744-AB68-48A9-B610-C577F315C05C}.Debug|Any CPU.Build.0 = Debug|Any CPU
		{E4078744-AB68-48A9-B610-C577F315C05C}.Release|Any CPU.ActiveCfg = Release|Any CPU
		{E4078744-AB68-48A9-B610-C577F315C05C}.Release|Any CPU.Build.0 = Release|Any CPU
		{1DFD632D-90C1-4DAC-8AF9-5AB53DB34A8A}.Debug|Any CPU.ActiveCfg = Debug|Any CPU
		{1DFD632D-90C1-4DAC-8AF9-5AB53DB34A8A}.Debug|Any CPU.Build.0 = Debug|Any CPU
		{1DFD632D-90C1-4DAC-8AF9-5AB53DB34A8A}.Release|Any CPU.ActiveCfg = Release|Any CPU
		{1DFD632D-90C1-4DAC-8AF9-5AB53DB34A8A}.Release|Any CPU.Build.0 = Release|Any CPU
		{3C9F61A0-E2B0-4A9D-902F-8C665765DF01}.Debug|Any CPU.ActiveCfg = Debug|Any CPU
		{3C9F61A0-E2B0-4A9D-902F-8C665765DF01}.Debug|Any CPU.Build.0 = Debug|Any CPU
		{3C9F61A0-E2B0-4A9D-902F-8C665765DF01}.Release|Any CPU.ActiveCfg = Release|Any CPU
		{3C9F61A0-E2B0-4A9D-902F-8C665765DF01}.Release|Any CPU.Build.0 = Release|Any CPU
		{C57F28DC-76A4-402E-A55D-DC7BAC2EFB1D}.Debug|Any CPU.ActiveCfg = Debug|Any CPU
		{C57F28DC-76A4-402E-A55D-DC7BAC2EFB1D}.Debug|Any CPU.Build.0 = Debug|Any CPU
		{C57F28DC-76A4-402E-A55D-DC7BAC2EFB1D}.Release|Any CPU.ActiveCfg = Release|Any CPU
		{C57F28DC-76A4-402E-A55D-DC7BAC2EFB1D}.Release|Any CPU.Build.0 = Release|Any CPU
		{09C07761-A38B-4AC2-BAB2-467C9FBB7702}.Debug|Any CPU.ActiveCfg = Debug|Any CPU
		{09C07761-A38B-4AC2-BAB2-467C9FBB7702}.Debug|Any CPU.Build.0 = Debug|Any CPU
		{09C07761-A38B-4AC2-BAB2-467C9FBB7702}.Release|Any CPU.ActiveCfg = Release|Any CPU
		{09C07761-A38B-4AC2-BAB2-467C9FBB7702}.Release|Any CPU.Build.0 = Release|Any CPU
		{1FAB28B1-BDA2-4BA0-8CB4-C28D845449F7}.Debug|Any CPU.ActiveCfg = Debug|Any CPU
		{1FAB28B1-BDA2-4BA0-8CB4-C28D845449F7}.Debug|Any CPU.Build.0 = Debug|Any CPU
		{1FAB28B1-BDA2-4BA0-8CB4-C28D845449F7}.Release|Any CPU.ActiveCfg = Release|Any CPU
		{1FAB28B1-BDA2-4BA0-8CB4-C28D845449F7}.Release|Any CPU.Build.0 = Release|Any CPU
		{AE4E91EC-1406-408C-B579-53FA8DC0AA52}.Debug|Any CPU.ActiveCfg = Debug|Any CPU
		{AE4E91EC-1406-408C-B579-53FA8DC0AA52}.Debug|Any CPU.Build.0 = Debug|Any CPU
		{AE4E91EC-1406-408C-B579-53FA8DC0AA52}.Release|Any CPU.ActiveCfg = Release|Any CPU
		{AE4E91EC-1406-408C-B579-53FA8DC0AA52}.Release|Any CPU.Build.0 = Release|Any CPU
		{421BD4CA-8E04-4FA5-92BF-FAC85363AB96}.Debug|Any CPU.ActiveCfg = Debug|Any CPU
		{421BD4CA-8E04-4FA5-92BF-FAC85363AB96}.Debug|Any CPU.Build.0 = Debug|Any CPU
		{421BD4CA-8E04-4FA5-92BF-FAC85363AB96}.Release|Any CPU.ActiveCfg = Release|Any CPU
		{421BD4CA-8E04-4FA5-92BF-FAC85363AB96}.Release|Any CPU.Build.0 = Release|Any CPU
		{7913CF80-46CD-4934-9406-A4F6E5C91148}.Debug|Any CPU.ActiveCfg = Debug|Any CPU
		{7913CF80-46CD-4934-9406-A4F6E5C91148}.Debug|Any CPU.Build.0 = Debug|Any CPU
		{7913CF80-46CD-4934-9406-A4F6E5C91148}.Release|Any CPU.ActiveCfg = Release|Any CPU
		{7913CF80-46CD-4934-9406-A4F6E5C91148}.Release|Any CPU.Build.0 = Release|Any CPU
		{CBBAA3DE-66F6-4624-8839-E18B0E5A335D}.Debug|Any CPU.ActiveCfg = Debug|Any CPU
		{CBBAA3DE-66F6-4624-8839-E18B0E5A335D}.Debug|Any CPU.Build.0 = Debug|Any CPU
		{CBBAA3DE-66F6-4624-8839-E18B0E5A335D}.Release|Any CPU.ActiveCfg = Release|Any CPU
		{CBBAA3DE-66F6-4624-8839-E18B0E5A335D}.Release|Any CPU.Build.0 = Release|Any CPU
		{76E9D60C-85BC-4E1C-A394-8F33F83D7456}.Debug|Any CPU.ActiveCfg = Debug|Any CPU
		{76E9D60C-85BC-4E1C-A394-8F33F83D7456}.Debug|Any CPU.Build.0 = Debug|Any CPU
		{76E9D60C-85BC-4E1C-A394-8F33F83D7456}.Release|Any CPU.ActiveCfg = Release|Any CPU
		{76E9D60C-85BC-4E1C-A394-8F33F83D7456}.Release|Any CPU.Build.0 = Release|Any CPU
		{779B8BC0-7420-4C27-AF58-28305A2FF61B}.Debug|Any CPU.ActiveCfg = Debug|Any CPU
		{779B8BC0-7420-4C27-AF58-28305A2FF61B}.Debug|Any CPU.Build.0 = Debug|Any CPU
		{779B8BC0-7420-4C27-AF58-28305A2FF61B}.Release|Any CPU.ActiveCfg = Release|Any CPU
		{779B8BC0-7420-4C27-AF58-28305A2FF61B}.Release|Any CPU.Build.0 = Release|Any CPU
		{89ABE114-D953-4C64-9EC8-B107BDBA1018}.Debug|Any CPU.ActiveCfg = Debug|Any CPU
		{89ABE114-D953-4C64-9EC8-B107BDBA1018}.Debug|Any CPU.Build.0 = Debug|Any CPU
		{89ABE114-D953-4C64-9EC8-B107BDBA1018}.Release|Any CPU.ActiveCfg = Release|Any CPU
		{89ABE114-D953-4C64-9EC8-B107BDBA1018}.Release|Any CPU.Build.0 = Release|Any CPU
		{7668D30D-AC8E-4561-B2E7-A440FC86F844}.Debug|Any CPU.ActiveCfg = Debug|Any CPU
		{7668D30D-AC8E-4561-B2E7-A440FC86F844}.Debug|Any CPU.Build.0 = Debug|Any CPU
		{7668D30D-AC8E-4561-B2E7-A440FC86F844}.Release|Any CPU.ActiveCfg = Release|Any CPU
		{7668D30D-AC8E-4561-B2E7-A440FC86F844}.Release|Any CPU.Build.0 = Release|Any CPU
	EndGlobalSection
	GlobalSection(SolutionProperties) = preSolution
		HideSolutionNode = FALSE
	EndGlobalSection
	GlobalSection(NestedProjects) = preSolution
		{37B5AEE1-6C1E-4B66-A90F-FFE7E2D196B7} = {C31D6025-8D40-480B-9F7B-D897280578EB}
		{D22485D0-FF20-42A0-A96B-D4FFAC5001BE} = {37B5AEE1-6C1E-4B66-A90F-FFE7E2D196B7}
		{4D83CF86-4761-44E1-B6C6-0AD87A16657A} = {C31D6025-8D40-480B-9F7B-D897280578EB}
		{ADD67491-DB69-4B3E-9B51-88F528CE0C8F} = {4D83CF86-4761-44E1-B6C6-0AD87A16657A}
		{BB5B054B-0B93-4A03-AD3E-CC9425A8821D} = {C31D6025-8D40-480B-9F7B-D897280578EB}
		{F0C2298E-EA50-4D55-A957-32465E78A457} = {BB5B054B-0B93-4A03-AD3E-CC9425A8821D}
		{4595341E-0699-4D79-B3F8-226DE02308EB} = {BB5B054B-0B93-4A03-AD3E-CC9425A8821D}
		{FA693EDD-28E6-46C2-80CC-AC3138DA4293} = {BB5B054B-0B93-4A03-AD3E-CC9425A8821D}
		{0BB0B2E4-8466-4109-BD9C-D18C3F133296} = {F0C2298E-EA50-4D55-A957-32465E78A457}
		{227859E6-24A2-48C7-82AA-843E733E9AFA} = {F0C2298E-EA50-4D55-A957-32465E78A457}
		{0C652A8B-D946-4596-AC99-674CDE7542EC} = {4595341E-0699-4D79-B3F8-226DE02308EB}
		{48C71117-DB49-4654-986A-1A12E7B5834F} = {FA693EDD-28E6-46C2-80CC-AC3138DA4293}
		{6A98EED9-3A5B-469A-8AA2-BF2E2F11AC2E} = {F1BFC0A6-CBE7-4DC7-A3BD-F8FC03F4009F}
		{01579EEC-7E15-4750-BCF4-652442D84815} = {C31D6025-8D40-480B-9F7B-D897280578EB}
		{231F2740-7E5C-4414-A62C-4CC3CF2EA6A4} = {01579EEC-7E15-4750-BCF4-652442D84815}
		{806F75FE-241B-4DB5-A5D0-769F62ED2D55} = {01579EEC-7E15-4750-BCF4-652442D84815}
		{E4078744-AB68-48A9-B610-C577F315C05C} = {01579EEC-7E15-4750-BCF4-652442D84815}
		{1DFD632D-90C1-4DAC-8AF9-5AB53DB34A8A} = {01579EEC-7E15-4750-BCF4-652442D84815}
		{3C9F61A0-E2B0-4A9D-902F-8C665765DF01} = {01579EEC-7E15-4750-BCF4-652442D84815}
		{7B6051C4-8752-4300-ADF8-50C9E1762009} = {C31D6025-8D40-480B-9F7B-D897280578EB}
		{C57F28DC-76A4-402E-A55D-DC7BAC2EFB1D} = {7B6051C4-8752-4300-ADF8-50C9E1762009}
		{09C07761-A38B-4AC2-BAB2-467C9FBB7702} = {82276F7D-C05D-4695-8F8C-DA80C59069FE}
		{1FAB28B1-BDA2-4BA0-8CB4-C28D845449F7} = {82276F7D-C05D-4695-8F8C-DA80C59069FE}
		{DC0944CD-6DA1-4DEE-A346-538C8148E634} = {C31D6025-8D40-480B-9F7B-D897280578EB}
		{AE4E91EC-1406-408C-B579-53FA8DC0AA52} = {DC0944CD-6DA1-4DEE-A346-538C8148E634}
		{421BD4CA-8E04-4FA5-92BF-FAC85363AB96} = {4A548A31-B3F7-4E1D-9ED8-B2D81A85AF52}
		{4BA397A4-8C7F-4A24-AE41-27D70BC5B55C} = {C31D6025-8D40-480B-9F7B-D897280578EB}
		{7913CF80-46CD-4934-9406-A4F6E5C91148} = {4BA397A4-8C7F-4A24-AE41-27D70BC5B55C}
		{04EB8DA6-D83D-43AC-8A6D-81035C4770DF} = {C31D6025-8D40-480B-9F7B-D897280578EB}
		{CBBAA3DE-66F6-4624-8839-E18B0E5A335D} = {04EB8DA6-D83D-43AC-8A6D-81035C4770DF}
		{0B80F911-2008-4C46-A144-12C13FEDD819} = {C31D6025-8D40-480B-9F7B-D897280578EB}
		{76E9D60C-85BC-4E1C-A394-8F33F83D7456} = {0B80F911-2008-4C46-A144-12C13FEDD819}
		{2B774918-54D3-4E2F-8EA9-BB2DEE9CEBDE} = {C31D6025-8D40-480B-9F7B-D897280578EB}
		{779B8BC0-7420-4C27-AF58-28305A2FF61B} = {2B774918-54D3-4E2F-8EA9-BB2DEE9CEBDE}
		{6353F912-2933-4004-87B6-D85BF696587F} = {C31D6025-8D40-480B-9F7B-D897280578EB}
		{89ABE114-D953-4C64-9EC8-B107BDBA1018} = {6353F912-2933-4004-87B6-D85BF696587F}
		{7668D30D-AC8E-4561-B2E7-A440FC86F844} = {102E79E6-82D9-48E6-8EE4-8ACE9C7B1F40}
	EndGlobalSection
	GlobalSection(ExtensibilityGlobals) = postSolution
		SolutionGuid = {6CA10447-128F-4FB0-AF64-A25CF1B6374A}
	EndGlobalSection
EndGlobal
